
Microsoft Visual Studio Solution File, Format Version 12.00
# Visual Studio Version 16
VisualStudioVersion = 16.0.32228.343
MinimumVisualStudioVersion = 10.0.40219.1
Project("{FAE04EC0-301F-11D3-BF4B-00C04F79EFBC}") = "Appy McASPNETface", "Appy McASPNETface\Appy McASPNETface.csproj", "{87094A74-F4D7-40F7-88EE-31DDEC8BAADE}"
EndProject
Global
	GlobalSection(SolutionConfigurationPlatforms) = preSolution
		Debug|Any CPU = Debug|Any CPU
		Release|Any CPU = Release|Any CPU
	EndGlobalSection
	GlobalSection(ProjectConfigurationPlatforms) = postSolution
		{87094A74-F4D7-40F7-88EE-31DDEC8BAADE}.Debug|Any CPU.ActiveCfg = Debug|Any CPU
		{87094A74-F4D7-40F7-88EE-31DDEC8BAADE}.Debug|Any CPU.Build.0 = Debug|Any CPU
		{87094A74-F4D7-40F7-88EE-31DDEC8BAADE}.Release|Any CPU.ActiveCfg = Release|Any CPU
		{87094A74-F4D7-40F7-88EE-31DDEC8BAADE}.Release|Any CPU.Build.0 = Release|Any CPU
	EndGlobalSection
	GlobalSection(SolutionProperties) = preSolution
		HideSolutionNode = FALSE
	EndGlobalSection
	GlobalSection(ExtensibilityGlobals) = postSolution
		SolutionGuid = {CA40AE27-9EC3-4287-A2F5-FA8F18BF333F}
	EndGlobalSection
EndGlobal
